// !$*UTF8*$!
{
	archiveVersion = 1;
	classes = {
	};
	objectVersion = 46;
	objects = {

/* Begin PBXBuildFile section */
		2930D43A1785A3E500A4DCD2 /* UIKit.framework in Frameworks */ = {isa = PBXBuildFile; fileRef = 2930D4391785A3E500A4DCD2 /* UIKit.framework */; };
		2930D43C1785A3E500A4DCD2 /* Foundation.framework in Frameworks */ = {isa = PBXBuildFile; fileRef = 2930D43B1785A3E500A4DCD2 /* Foundation.framework */; };
		2930D43E1785A3E500A4DCD2 /* CoreGraphics.framework in Frameworks */ = {isa = PBXBuildFile; fileRef = 2930D43D1785A3E500A4DCD2 /* CoreGraphics.framework */; };
		2930D4441785A3E500A4DCD2 /* InfoPlist.strings in Resources */ = {isa = PBXBuildFile; fileRef = 2930D4421785A3E500A4DCD2 /* InfoPlist.strings */; };
		2930D4461785A3E500A4DCD2 /* main.m in Sources */ = {isa = PBXBuildFile; fileRef = 2930D4451785A3E500A4DCD2 /* main.m */; };
		2930D44A1785A3E500A4DCD2 /* AppDelegate.m in Sources */ = {isa = PBXBuildFile; fileRef = 2930D4491785A3E500A4DCD2 /* AppDelegate.m */; };
		2930D44C1785A3E500A4DCD2 /* Default.png in Resources */ = {isa = PBXBuildFile; fileRef = 2930D44B1785A3E500A4DCD2 /* Default.png */; };
		2930D44E1785A3E500A4DCD2 /* Default@2x.png in Resources */ = {isa = PBXBuildFile; fileRef = 2930D44D1785A3E500A4DCD2 /* Default@2x.png */; };
		2930D4501785A3E500A4DCD2 /* Default-568h@2x.png in Resources */ = {isa = PBXBuildFile; fileRef = 2930D44F1785A3E500A4DCD2 /* Default-568h@2x.png */; };
		2930D4531785A3E500A4DCD2 /* MainStoryboard.storyboard in Resources */ = {isa = PBXBuildFile; fileRef = 2930D4511785A3E500A4DCD2 /* MainStoryboard.storyboard */; };
		2930D4561785A3E500A4DCD2 /* ViewController.m in Sources */ = {isa = PBXBuildFile; fileRef = 2930D4551785A3E500A4DCD2 /* ViewController.m */; };
/* End PBXBuildFile section */

/* Begin PBXFileReference section */
		2930D4361785A3E500A4DCD2 /* BiluneGeoMobile.app */ = {isa = PBXFileReference; explicitFileType = wrapper.application; includeInIndex = 0; path = BiluneGeoMobile.app; sourceTree = BUILT_PRODUCTS_DIR; };
		2930D4391785A3E500A4DCD2 /* UIKit.framework */ = {isa = PBXFileReference; lastKnownFileType = wrapper.framework; name = UIKit.framework; path = System/Library/Frameworks/UIKit.framework; sourceTree = SDKROOT; };
		2930D43B1785A3E500A4DCD2 /* Foundation.framework */ = {isa = PBXFileReference; lastKnownFileType = wrapper.framework; name = Foundation.framework; path = System/Library/Frameworks/Foundation.framework; sourceTree = SDKROOT; };
		2930D43D1785A3E500A4DCD2 /* CoreGraphics.framework */ = {isa = PBXFileReference; lastKnownFileType = wrapper.framework; name = CoreGraphics.framework; path = System/Library/Frameworks/CoreGraphics.framework; sourceTree = SDKROOT; };
		2930D4411785A3E500A4DCD2 /* BiluneGeoMobile-Info.plist */ = {isa = PBXFileReference; lastKnownFileType = text.plist.xml; path = "BiluneGeoMobile-Info.plist"; sourceTree = "<group>"; };
		2930D4431785A3E500A4DCD2 /* en */ = {isa = PBXFileReference; lastKnownFileType = text.plist.strings; name = en; path = en.lproj/InfoPlist.strings; sourceTree = "<group>"; };
		2930D4451785A3E500A4DCD2 /* main.m */ = {isa = PBXFileReference; lastKnownFileType = sourcecode.c.objc; path = main.m; sourceTree = "<group>"; };
		2930D4471785A3E500A4DCD2 /* BiluneGeoMobile-Prefix.pch */ = {isa = PBXFileReference; lastKnownFileType = sourcecode.c.h; path = "BiluneGeoMobile-Prefix.pch"; sourceTree = "<group>"; };
		2930D4481785A3E500A4DCD2 /* AppDelegate.h */ = {isa = PBXFileReference; lastKnownFileType = sourcecode.c.h; path = AppDelegate.h; sourceTree = "<group>"; };
		2930D4491785A3E500A4DCD2 /* AppDelegate.m */ = {isa = PBXFileReference; lastKnownFileType = sourcecode.c.objc; path = AppDelegate.m; sourceTree = "<group>"; };
		2930D44B1785A3E500A4DCD2 /* Default.png */ = {isa = PBXFileReference; lastKnownFileType = image.png; path = Default.png; sourceTree = "<group>"; };
		2930D44D1785A3E500A4DCD2 /* Default@2x.png */ = {isa = PBXFileReference; lastKnownFileType = image.png; path = "Default@2x.png"; sourceTree = "<group>"; };
		2930D44F1785A3E500A4DCD2 /* Default-568h@2x.png */ = {isa = PBXFileReference; lastKnownFileType = image.png; path = "Default-568h@2x.png"; sourceTree = "<group>"; };
		2930D4521785A3E500A4DCD2 /* en */ = {isa = PBXFileReference; lastKnownFileType = file.storyboard; name = en; path = en.lproj/MainStoryboard.storyboard; sourceTree = "<group>"; };
		2930D4541785A3E500A4DCD2 /* ViewController.h */ = {isa = PBXFileReference; lastKnownFileType = sourcecode.c.h; path = ViewController.h; sourceTree = "<group>"; };
		2930D4551785A3E500A4DCD2 /* ViewController.m */ = {isa = PBXFileReference; lastKnownFileType = sourcecode.c.objc; path = ViewController.m; sourceTree = "<group>"; };
/* End PBXFileReference section */

/* Begin PBXFrameworksBuildPhase section */
		2930D4331785A3E500A4DCD2 /* Frameworks */ = {
			isa = PBXFrameworksBuildPhase;
			buildActionMask = 2147483647;
			files = (
				2930D43A1785A3E500A4DCD2 /* UIKit.framework in Frameworks */,
				2930D43C1785A3E500A4DCD2 /* Foundation.framework in Frameworks */,
				2930D43E1785A3E500A4DCD2 /* CoreGraphics.framework in Frameworks */,
			);
			runOnlyForDeploymentPostprocessing = 0;
		};
/* End PBXFrameworksBuildPhase section */

/* Begin PBXGroup section */
		2930D42D1785A3E500A4DCD2 = {
			isa = PBXGroup;
			children = (
				2930D43F1785A3E500A4DCD2 /* BiluneGeoMobile */,
				2930D4381785A3E500A4DCD2 /* Frameworks */,
				2930D4371785A3E500A4DCD2 /* Products */,
			);
			sourceTree = "<group>";
		};
		2930D4371785A3E500A4DCD2 /* Products */ = {
			isa = PBXGroup;
			children = (
				2930D4361785A3E500A4DCD2 /* BiluneGeoMobile.app */,
			);
			name = Products;
			sourceTree = "<group>";
		};
		2930D4381785A3E500A4DCD2 /* Frameworks */ = {
			isa = PBXGroup;
			children = (
				2930D4391785A3E500A4DCD2 /* UIKit.framework */,
				2930D43B1785A3E500A4DCD2 /* Foundation.framework */,
				2930D43D1785A3E500A4DCD2 /* CoreGraphics.framework */,
			);
			name = Frameworks;
			sourceTree = "<group>";
		};
		2930D43F1785A3E500A4DCD2 /* BiluneGeoMobile */ = {
			isa = PBXGroup;
			children = (
				2930D4481785A3E500A4DCD2 /* AppDelegate.h */,
				2930D4491785A3E500A4DCD2 /* AppDelegate.m */,
				2930D4511785A3E500A4DCD2 /* MainStoryboard.storyboard */,
				2930D4541785A3E500A4DCD2 /* ViewController.h */,
				2930D4551785A3E500A4DCD2 /* ViewController.m */,
				2930D4401785A3E500A4DCD2 /* Supporting Files */,
			);
			path = BiluneGeoMobile;
			sourceTree = "<group>";
		};
		2930D4401785A3E500A4DCD2 /* Supporting Files */ = {
			isa = PBXGroup;
			children = (
				2930D4411785A3E500A4DCD2 /* BiluneGeoMobile-Info.plist */,
				2930D4421785A3E500A4DCD2 /* InfoPlist.strings */,
				2930D4451785A3E500A4DCD2 /* main.m */,
				2930D4471785A3E500A4DCD2 /* BiluneGeoMobile-Prefix.pch */,
				2930D44B1785A3E500A4DCD2 /* Default.png */,
				2930D44D1785A3E500A4DCD2 /* Default@2x.png */,
				2930D44F1785A3E500A4DCD2 /* Default-568h@2x.png */,
			);
			name = "Supporting Files";
			sourceTree = "<group>";
		};
/* End PBXGroup section */

/* Begin PBXNativeTarget section */
		2930D4351785A3E500A4DCD2 /* BiluneGeoMobile */ = {
			isa = PBXNativeTarget;
			buildConfigurationList = 2930D4591785A3E500A4DCD2 /* Build configuration list for PBXNativeTarget "BiluneGeoMobile" */;
			buildPhases = (
				2930D4321785A3E500A4DCD2 /* Sources */,
				2930D4331785A3E500A4DCD2 /* Frameworks */,
				2930D4341785A3E500A4DCD2 /* Resources */,
			);
			buildRules = (
			);
			dependencies = (
			);
			name = BiluneGeoMobile;
			productName = BiluneGeoMobile;
			productReference = 2930D4361785A3E500A4DCD2 /* BiluneGeoMobile.app */;
			productType = "com.apple.product-type.application";
		};
/* End PBXNativeTarget section */

/* Begin PBXProject section */
		2930D42E1785A3E500A4DCD2 /* Project object */ = {
			isa = PBXProject;
			attributes = {
				LastUpgradeCheck = 0460;
				ORGANIZATIONNAME = leafit;
			};
			buildConfigurationList = 2930D4311785A3E500A4DCD2 /* Build configuration list for PBXProject "BiluneGeoMobile" */;
			compatibilityVersion = "Xcode 3.2";
			developmentRegion = English;
			hasScannedForEncodings = 0;
			knownRegions = (
				en,
			);
			mainGroup = 2930D42D1785A3E500A4DCD2;
			productRefGroup = 2930D4371785A3E500A4DCD2 /* Products */;
			projectDirPath = "";
			projectRoot = "";
			targets = (
				2930D4351785A3E500A4DCD2 /* BiluneGeoMobile */,
			);
		};
/* End PBXProject section */

/* Begin PBXResourcesBuildPhase section */
		2930D4341785A3E500A4DCD2 /* Resources */ = {
			isa = PBXResourcesBuildPhase;
			buildActionMask = 2147483647;
			files = (
				2930D4441785A3E500A4DCD2 /* InfoPlist.strings in Resources */,
				2930D44C1785A3E500A4DCD2 /* Default.png in Resources */,
				2930D44E1785A3E500A4DCD2 /* Default@2x.png in Resources */,
				2930D4501785A3E500A4DCD2 /* Default-568h@2x.png in Resources */,
				2930D4531785A3E500A4DCD2 /* MainStoryboard.storyboard in Resources */,
			);
			runOnlyForDeploymentPostprocessing = 0;
		};
/* End PBXResourcesBuildPhase section */

/* Begin PBXSourcesBuildPhase section */
		2930D4321785A3E500A4DCD2 /* Sources */ = {
			isa = PBXSourcesBuildPhase;
			buildActionMask = 2147483647;
			files = (
				2930D4461785A3E500A4DCD2 /* main.m in Sources */,
				2930D44A1785A3E500A4DCD2 /* AppDelegate.m in Sources */,
				2930D4561785A3E500A4DCD2 /* ViewController.m in Sources */,
			);
			runOnlyForDeploymentPostprocessing = 0;
		};
/* End PBXSourcesBuildPhase section */

/* Begin PBXVariantGroup section */
		2930D4421785A3E500A4DCD2 /* InfoPlist.strings */ = {
			isa = PBXVariantGroup;
			children = (
				2930D4431785A3E500A4DCD2 /* en */,
			);
			name = InfoPlist.strings;
			sourceTree = "<group>";
		};
		2930D4511785A3E500A4DCD2 /* MainStoryboard.storyboard */ = {
			isa = PBXVariantGroup;
			children = (
				2930D4521785A3E500A4DCD2 /* en */,
			);
			name = MainStoryboard.storyboard;
			sourceTree = "<group>";
		};
/* End PBXVariantGroup section */

/* Begin XCBuildConfiguration section */
		2930D4571785A3E500A4DCD2 /* Debug */ = {
			isa = XCBuildConfiguration;
			buildSettings = {
				ALWAYS_SEARCH_USER_PATHS = NO;
				CLANG_CXX_LANGUAGE_STANDARD = "gnu++0x";
				CLANG_CXX_LIBRARY = "libc++";
				CLANG_ENABLE_OBJC_ARC = YES;
				CLANG_WARN_CONSTANT_CONVERSION = YES;
				CLANG_WARN_EMPTY_BODY = YES;
				CLANG_WARN_ENUM_CONVERSION = YES;
				CLANG_WARN_INT_CONVERSION = YES;
				CLANG_WARN__DUPLICATE_METHOD_MATCH = YES;
				"CODE_SIGN_IDENTITY[sdk=iphoneos*]" = "iPhone Developer";
				COPY_PHASE_STRIP = NO;
				GCC_C_LANGUAGE_STANDARD = gnu99;
				GCC_DYNAMIC_NO_PIC = NO;
				GCC_OPTIMIZATION_LEVEL = 0;
				GCC_PREPROCESSOR_DEFINITIONS = (
					"DEBUG=1",
					"$(inherited)",
				);
				GCC_SYMBOLS_PRIVATE_EXTERN = NO;
				GCC_WARN_ABOUT_RETURN_TYPE = YES;
				GCC_WARN_UNINITIALIZED_AUTOS = YES;
				GCC_WARN_UNUSED_VARIABLE = YES;
				IPHONEOS_DEPLOYMENT_TARGET = 6.1;
				ONLY_ACTIVE_ARCH = YES;
				SDKROOT = iphoneos;
			};
			name = Debug;
		};
		2930D4581785A3E500A4DCD2 /* Release */ = {
			isa = XCBuildConfiguration;
			buildSettings = {
				ALWAYS_SEARCH_USER_PATHS = NO;
				CLANG_CXX_LANGUAGE_STANDARD = "gnu++0x";
				CLANG_CXX_LIBRARY = "libc++";
				CLANG_ENABLE_OBJC_ARC = YES;
				CLANG_WARN_CONSTANT_CONVERSION = YES;
				CLANG_WARN_EMPTY_BODY = YES;
				CLANG_WARN_ENUM_CONVERSION = YES;
				CLANG_WARN_INT_CONVERSION = YES;
				CLANG_WARN__DUPLICATE_METHOD_MATCH = YES;
				"CODE_SIGN_IDENTITY[sdk=iphoneos*]" = "iPhone Developer";
				COPY_PHASE_STRIP = YES;
				GCC_C_LANGUAGE_STANDARD = gnu99;
				GCC_WARN_ABOUT_RETURN_TYPE = YES;
				GCC_WARN_UNINITIALIZED_AUTOS = YES;
				GCC_WARN_UNUSED_VARIABLE = YES;
				IPHONEOS_DEPLOYMENT_TARGET = 6.1;
				OTHER_CFLAGS = "-DNS_BLOCK_ASSERTIONS=1";
				SDKROOT = iphoneos;
				VALIDATE_PRODUCT = YES;
			};
			name = Release;
		};
		2930D45A1785A3E500A4DCD2 /* Debug */ = {
			isa = XCBuildConfiguration;
			buildSettings = {
				GCC_PRECOMPILE_PREFIX_HEADER = YES;
				GCC_PREFIX_HEADER = "BiluneGeoMobile/BiluneGeoMobile-Prefix.pch";
				INFOPLIST_FILE = "BiluneGeoMobile/BiluneGeoMobile-Info.plist";
				PRODUCT_NAME = "$(TARGET_NAME)";
				WRAPPER_EXTENSION = app;
			};
			name = Debug;
		};
		2930D45B1785A3E500A4DCD2 /* Release */ = {
			isa = XCBuildConfiguration;
			buildSettings = {
				GCC_PRECOMPILE_PREFIX_HEADER = YES;
				GCC_PREFIX_HEADER = "BiluneGeoMobile/BiluneGeoMobile-Prefix.pch";
				INFOPLIST_FILE = "BiluneGeoMobile/BiluneGeoMobile-Info.plist";
				PRODUCT_NAME = "$(TARGET_NAME)";
				WRAPPER_EXTENSION = app;
			};
			name = Release;
		};
/* End XCBuildConfiguration section */

/* Begin XCConfigurationList section */
		2930D4311785A3E500A4DCD2 /* Build configuration list for PBXProject "BiluneGeoMobile" */ = {
			isa = XCConfigurationList;
			buildConfigurations = (
				2930D4571785A3E500A4DCD2 /* Debug */,
				2930D4581785A3E500A4DCD2 /* Release */,
			);
			defaultConfigurationIsVisible = 0;
			defaultConfigurationName = Release;
		};
		2930D4591785A3E500A4DCD2 /* Build configuration list for PBXNativeTarget "BiluneGeoMobile" */ = {
			isa = XCConfigurationList;
			buildConfigurations = (
				2930D45A1785A3E500A4DCD2 /* Debug */,
				2930D45B1785A3E500A4DCD2 /* Release */,
			);
			defaultConfigurationIsVisible = 0;
		};
/* End XCConfigurationList section */
	};
	rootObject = 2930D42E1785A3E500A4DCD2 /* Project object */;
}
