// !$*UTF8*$!
{
	archiveVersion = 1;
	classes = {
	};
	objectVersion = 46;
	objects = {

/* Begin PBXBuildFile section */
		2930D43A1785A3E500A4DCD2 /* UIKit.framework in Frameworks */ = {isa = PBXBuildFile; fileRef = 2930D4391785A3E500A4DCD2 /* UIKit.framework */; };
		2930D43C1785A3E500A4DCD2 /* Foundation.framework in Frameworks */ = {isa = PBXBuildFile; fileRef = 2930D43B1785A3E500A4DCD2 /* Foundation.framework */; };
		2930D43E1785A3E500A4DCD2 /* CoreGraphics.framework in Frameworks */ = {isa = PBXBuildFile; fileRef = 2930D43D1785A3E500A4DCD2 /* CoreGraphics.framework */; };
		2930D4441785A3E500A4DCD2 /* InfoPlist.strings in Resources */ = {isa = PBXBuildFile; fileRef = 2930D4421785A3E500A4DCD2 /* InfoPlist.strings */; };
		2930D4461785A3E500A4DCD2 /* main.m in Sources */ = {isa = PBXBuildFile; fileRef = 2930D4451785A3E500A4DCD2 /* main.m */; };
		2930D44A1785A3E500A4DCD2 /* AppDelegate.m in Sources */ = {isa = PBXBuildFile; fileRef = 2930D4491785A3E500A4DCD2 /* AppDelegate.m */; };
		2930D44C1785A3E500A4DCD2 /* Default.png in Resources */ = {isa = PBXBuildFile; fileRef = 2930D44B1785A3E500A4DCD2 /* Default.png */; };
		2930D44E1785A3E500A4DCD2 /* Default@2x.png in Resources */ = {isa = PBXBuildFile; fileRef = 2930D44D1785A3E500A4DCD2 /* Default@2x.png */; };
		2930D4501785A3E500A4DCD2 /* Default-568h@2x.png in Resources */ = {isa = PBXBuildFile; fileRef = 2930D44F1785A3E500A4DCD2 /* Default-568h@2x.png */; };
		2930D4531785A3E500A4DCD2 /* BiluneGeoMobile.storyboard in Resources */ = {isa = PBXBuildFile; fileRef = 2930D4511785A3E500A4DCD2 /* BiluneGeoMobile.storyboard */; };
		2930D4561785A3E500A4DCD2 /* MainMenuViewController.m in Sources */ = {isa = PBXBuildFile; fileRef = 2930D4551785A3E500A4DCD2 /* MainMenuViewController.m */; };
		298B8BBB1790271900FD1EF3 /* Constants.m in Sources */ = {isa = PBXBuildFile; fileRef = 298B8BBA1790271900FD1EF3 /* Constants.m */; };
		299C7F9A178ED9B40038FADC /* loader1.tiff in Resources */ = {isa = PBXBuildFile; fileRef = 299C7F8F178ED9B40038FADC /* loader1.tiff */; };
		299C7F9B178ED9B40038FADC /* loader12.tiff in Resources */ = {isa = PBXBuildFile; fileRef = 299C7F90178ED9B40038FADC /* loader12.tiff */; };
		299C7F9C178ED9B40038FADC /* loader11.tiff in Resources */ = {isa = PBXBuildFile; fileRef = 299C7F91178ED9B40038FADC /* loader11.tiff */; };
		299C7F9D178ED9B40038FADC /* loader10.tiff in Resources */ = {isa = PBXBuildFile; fileRef = 299C7F92178ED9B40038FADC /* loader10.tiff */; };
		299C7F9E178ED9B40038FADC /* loader9.tiff in Resources */ = {isa = PBXBuildFile; fileRef = 299C7F93178ED9B40038FADC /* loader9.tiff */; };
		299C7F9F178ED9B40038FADC /* loader8.tiff in Resources */ = {isa = PBXBuildFile; fileRef = 299C7F94178ED9B40038FADC /* loader8.tiff */; };
		299C7FA0178ED9B40038FADC /* loader7.tiff in Resources */ = {isa = PBXBuildFile; fileRef = 299C7F95178ED9B40038FADC /* loader7.tiff */; };
		299C7FA1178ED9B40038FADC /* loader6.tiff in Resources */ = {isa = PBXBuildFile; fileRef = 299C7F96178ED9B40038FADC /* loader6.tiff */; };
		299C7FA2178ED9B40038FADC /* loader5.tiff in Resources */ = {isa = PBXBuildFile; fileRef = 299C7F97178ED9B40038FADC /* loader5.tiff */; };
		299C7FA3178ED9B40038FADC /* loader4.tiff in Resources */ = {isa = PBXBuildFile; fileRef = 299C7F98178ED9B40038FADC /* loader4.tiff */; };
		299C7FA4178ED9B40038FADC /* loader3.tiff in Resources */ = {isa = PBXBuildFile; fileRef = 299C7F99178ED9B40038FADC /* loader3.tiff */; };
		299C7FA6178ED9D10038FADC /* loader2.tiff in Resources */ = {isa = PBXBuildFile; fileRef = 299C7FA5178ED9D10038FADC /* loader2.tiff */; };
		29B63D5E1785B6EC001AEE4B /* MapViewController.m in Sources */ = {isa = PBXBuildFile; fileRef = 29B63D5D1785B6EC001AEE4B /* MapViewController.m */; };
		29B63D641785BB97001AEE4B /* BuildingListViewController.m in Sources */ = {isa = PBXBuildFile; fileRef = 29B63D631785BB95001AEE4B /* BuildingListViewController.m */; };
		29B63D671785C2B2001AEE4B /* FloorListViewController.m in Sources */ = {isa = PBXBuildFile; fileRef = 29B63D661785C2B2001AEE4B /* FloorListViewController.m */; };
		29B63D6A1785C36A001AEE4B /* RoomListViewController.m in Sources */ = {isa = PBXBuildFile; fileRef = 29B63D691785C369001AEE4B /* RoomListViewController.m */; };
		29B63D6D1785C4D8001AEE4B /* SearchOccupantsViewController.m in Sources */ = {isa = PBXBuildFile; fileRef = 29B63D6C1785C4D8001AEE4B /* SearchOccupantsViewController.m */; };
		29B63D701785C881001AEE4B /* InfoUNINEViewController.m in Sources */ = {isa = PBXBuildFile; fileRef = 29B63D6F1785C881001AEE4B /* InfoUNINEViewController.m */; };
		29DAE97D178C35D50027D47C /* InitViewController.m in Sources */ = {isa = PBXBuildFile; fileRef = 29DAE97C178C35D50027D47C /* InitViewController.m */; };
		29DAE985178C3DAB0027D47C /* Downloader.m in Sources */ = {isa = PBXBuildFile; fileRef = 29DAE984178C3DAB0027D47C /* Downloader.m */; };
		29E13A48179808E900CD8281 /* DownloadQueue.m in Sources */ = {isa = PBXBuildFile; fileRef = 29E13A47179808E900CD8281 /* DownloadQueue.m */; };
		29EAB981178696F50043BD86 /* ChangeFloorViewController.m in Sources */ = {isa = PBXBuildFile; fileRef = 29EAB980178696F50043BD86 /* ChangeFloorViewController.m */; };
		29EAB984178698280043BD86 /* LegendViewController.m in Sources */ = {isa = PBXBuildFile; fileRef = 29EAB983178698280043BD86 /* LegendViewController.m */; };
		29EAB9871786A2470043BD86 /* InfoLeafitViewController.m in Sources */ = {isa = PBXBuildFile; fileRef = 29EAB9861786A2470043BD86 /* InfoLeafitViewController.m */; };
		29EAB9891786A5490043BD86 /* 5cm_transparent_no_10101.png in Resources */ = {isa = PBXBuildFile; fileRef = 29EAB9881786A5490043BD86 /* 5cm_transparent_no_10101.png */; };
		29EABB901786A8880043BD86 /* northArrow.png in Resources */ = {isa = PBXBuildFile; fileRef = 29B63D611785B9D9001AEE4B /* northArrow.png */; };
		29EABB911786A8880043BD86 /* info.png in Resources */ = {isa = PBXBuildFile; fileRef = 29B63D601785B8D8001AEE4B /* info.png */; };
		29EABB921786A8880043BD86 /* gps32.png in Resources */ = {isa = PBXBuildFile; fileRef = 29B63D5F1785B8C1001AEE4B /* gps32.png */; };
		29EABB931786A8880043BD86 /* bilune_page_background01.jpg in Resources */ = {isa = PBXBuildFile; fileRef = 29B63D5B1785B2CA001AEE4B /* bilune_page_background01.jpg */; };
		29EABB941786A8880043BD86 /* logo_unine_bleu.png in Resources */ = {isa = PBXBuildFile; fileRef = 29B63D5A1785B2B9001AEE4B /* logo_unine_bleu.png */; };
		29EABB9B1786BF250043BD86 /* BuildingStack.m in Sources */ = {isa = PBXBuildFile; fileRef = 29EABB9A1786BF250043BD86 /* BuildingStack.m */; };
		29EABB9F1786BF7D0043BD86 /* Building.m in Sources */ = {isa = PBXBuildFile; fileRef = 29EABB9E1786BF7D0043BD86 /* Building.m */; };
		29EABBA21786BF870043BD86 /* Floor.m in Sources */ = {isa = PBXBuildFile; fileRef = 29EABBA11786BF870043BD86 /* Floor.m */; };
		29EABBA61786BFAD0043BD86 /* Room.m in Sources */ = {isa = PBXBuildFile; fileRef = 29EABBA51786BFAC0043BD86 /* Room.m */; };
		29EABBA91786BFC10043BD86 /* Occupant.m in Sources */ = {isa = PBXBuildFile; fileRef = 29EABBA81786BFC10043BD86 /* Occupant.m */; };
		29EABBAC1786BFD10043BD86 /* Legend.m in Sources */ = {isa = PBXBuildFile; fileRef = 29EABBAB1786BFD10043BD86 /* Legend.m */; };
		29EABBAF1786BFDC0043BD86 /* LegendEntry.m in Sources */ = {isa = PBXBuildFile; fileRef = 29EABBAE1786BFDC0043BD86 /* LegendEntry.m */; };
/* End PBXBuildFile section */

/* Begin PBXFileReference section */
		2930D4361785A3E500A4DCD2 /* BiluneGeoMobile.app */ = {isa = PBXFileReference; explicitFileType = wrapper.application; includeInIndex = 0; path = BiluneGeoMobile.app; sourceTree = BUILT_PRODUCTS_DIR; };
		2930D4391785A3E500A4DCD2 /* UIKit.framework */ = {isa = PBXFileReference; lastKnownFileType = wrapper.framework; name = UIKit.framework; path = System/Library/Frameworks/UIKit.framework; sourceTree = SDKROOT; };
		2930D43B1785A3E500A4DCD2 /* Foundation.framework */ = {isa = PBXFileReference; lastKnownFileType = wrapper.framework; name = Foundation.framework; path = System/Library/Frameworks/Foundation.framework; sourceTree = SDKROOT; };
		2930D43D1785A3E500A4DCD2 /* CoreGraphics.framework */ = {isa = PBXFileReference; lastKnownFileType = wrapper.framework; name = CoreGraphics.framework; path = System/Library/Frameworks/CoreGraphics.framework; sourceTree = SDKROOT; };
		2930D4411785A3E500A4DCD2 /* BiluneGeoMobile-Info.plist */ = {isa = PBXFileReference; lastKnownFileType = text.plist.xml; path = "BiluneGeoMobile-Info.plist"; sourceTree = "<group>"; };
		2930D4431785A3E500A4DCD2 /* en */ = {isa = PBXFileReference; lastKnownFileType = text.plist.strings; name = en; path = en.lproj/InfoPlist.strings; sourceTree = "<group>"; };
		2930D4451785A3E500A4DCD2 /* main.m */ = {isa = PBXFileReference; lastKnownFileType = sourcecode.c.objc; path = main.m; sourceTree = "<group>"; };
		2930D4471785A3E500A4DCD2 /* BiluneGeoMobile-Prefix.pch */ = {isa = PBXFileReference; lastKnownFileType = sourcecode.c.h; path = "BiluneGeoMobile-Prefix.pch"; sourceTree = "<group>"; };
		2930D4481785A3E500A4DCD2 /* AppDelegate.h */ = {isa = PBXFileReference; lastKnownFileType = sourcecode.c.h; path = AppDelegate.h; sourceTree = "<group>"; };
		2930D4491785A3E500A4DCD2 /* AppDelegate.m */ = {isa = PBXFileReference; lastKnownFileType = sourcecode.c.objc; path = AppDelegate.m; sourceTree = "<group>"; };
		2930D44B1785A3E500A4DCD2 /* Default.png */ = {isa = PBXFileReference; lastKnownFileType = image.png; path = Default.png; sourceTree = "<group>"; };
		2930D44D1785A3E500A4DCD2 /* Default@2x.png */ = {isa = PBXFileReference; lastKnownFileType = image.png; path = "Default@2x.png"; sourceTree = "<group>"; };
		2930D44F1785A3E500A4DCD2 /* Default-568h@2x.png */ = {isa = PBXFileReference; lastKnownFileType = image.png; path = "Default-568h@2x.png"; sourceTree = "<group>"; };
		2930D4521785A3E500A4DCD2 /* en */ = {isa = PBXFileReference; lastKnownFileType = file.storyboard; name = en; path = en.lproj/BiluneGeoMobile.storyboard; sourceTree = "<group>"; };
		2930D4541785A3E500A4DCD2 /* MainMenuViewController.h */ = {isa = PBXFileReference; lastKnownFileType = sourcecode.c.h; path = MainMenuViewController.h; sourceTree = "<group>"; };
		2930D4551785A3E500A4DCD2 /* MainMenuViewController.m */ = {isa = PBXFileReference; lastKnownFileType = sourcecode.c.objc; path = MainMenuViewController.m; sourceTree = "<group>"; };
		298B8BB91790271900FD1EF3 /* Constants.h */ = {isa = PBXFileReference; fileEncoding = 4; lastKnownFileType = sourcecode.c.h; path = Constants.h; sourceTree = "<group>"; };
		298B8BBA1790271900FD1EF3 /* Constants.m */ = {isa = PBXFileReference; fileEncoding = 4; lastKnownFileType = sourcecode.c.objc; path = Constants.m; sourceTree = "<group>"; };
		298D1D9B178D80E600FFF5B1 /* DownloaderDelegate.h */ = {isa = PBXFileReference; lastKnownFileType = sourcecode.c.h; path = DownloaderDelegate.h; sourceTree = "<group>"; };
		299C7F8F178ED9B40038FADC /* loader1.tiff */ = {isa = PBXFileReference; lastKnownFileType = image.tiff; path = loader1.tiff; sourceTree = "<group>"; };
		299C7F90178ED9B40038FADC /* loader12.tiff */ = {isa = PBXFileReference; lastKnownFileType = image.tiff; path = loader12.tiff; sourceTree = "<group>"; };
		299C7F91178ED9B40038FADC /* loader11.tiff */ = {isa = PBXFileReference; lastKnownFileType = image.tiff; path = loader11.tiff; sourceTree = "<group>"; };
		299C7F92178ED9B40038FADC /* loader10.tiff */ = {isa = PBXFileReference; lastKnownFileType = image.tiff; path = loader10.tiff; sourceTree = "<group>"; };
		299C7F93178ED9B40038FADC /* loader9.tiff */ = {isa = PBXFileReference; lastKnownFileType = image.tiff; path = loader9.tiff; sourceTree = "<group>"; };
		299C7F94178ED9B40038FADC /* loader8.tiff */ = {isa = PBXFileReference; lastKnownFileType = image.tiff; path = loader8.tiff; sourceTree = "<group>"; };
		299C7F95178ED9B40038FADC /* loader7.tiff */ = {isa = PBXFileReference; lastKnownFileType = image.tiff; path = loader7.tiff; sourceTree = "<group>"; };
		299C7F96178ED9B40038FADC /* loader6.tiff */ = {isa = PBXFileReference; lastKnownFileType = image.tiff; path = loader6.tiff; sourceTree = "<group>"; };
		299C7F97178ED9B40038FADC /* loader5.tiff */ = {isa = PBXFileReference; lastKnownFileType = image.tiff; path = loader5.tiff; sourceTree = "<group>"; };
		299C7F98178ED9B40038FADC /* loader4.tiff */ = {isa = PBXFileReference; lastKnownFileType = image.tiff; path = loader4.tiff; sourceTree = "<group>"; };
		299C7F99178ED9B40038FADC /* loader3.tiff */ = {isa = PBXFileReference; lastKnownFileType = image.tiff; path = loader3.tiff; sourceTree = "<group>"; };
		299C7FA5178ED9D10038FADC /* loader2.tiff */ = {isa = PBXFileReference; lastKnownFileType = image.tiff; path = loader2.tiff; sourceTree = "<group>"; };
		29B63D5A1785B2B9001AEE4B /* logo_unine_bleu.png */ = {isa = PBXFileReference; lastKnownFileType = image.png; path = logo_unine_bleu.png; sourceTree = "<group>"; };
		29B63D5B1785B2CA001AEE4B /* bilune_page_background01.jpg */ = {isa = PBXFileReference; lastKnownFileType = image.jpeg; path = bilune_page_background01.jpg; sourceTree = "<group>"; };
		29B63D5C1785B6EB001AEE4B /* MapViewController.h */ = {isa = PBXFileReference; fileEncoding = 4; lastKnownFileType = sourcecode.c.h; path = MapViewController.h; sourceTree = "<group>"; };
		29B63D5D1785B6EC001AEE4B /* MapViewController.m */ = {isa = PBXFileReference; fileEncoding = 4; lastKnownFileType = sourcecode.c.objc; path = MapViewController.m; sourceTree = "<group>"; };
		29B63D5F1785B8C1001AEE4B /* gps32.png */ = {isa = PBXFileReference; lastKnownFileType = image.png; path = gps32.png; sourceTree = "<group>"; };
		29B63D601785B8D8001AEE4B /* info.png */ = {isa = PBXFileReference; lastKnownFileType = image.png; path = info.png; sourceTree = "<group>"; };
		29B63D611785B9D9001AEE4B /* northArrow.png */ = {isa = PBXFileReference; lastKnownFileType = image.png; path = northArrow.png; sourceTree = "<group>"; };
		29B63D621785BB95001AEE4B /* BuildingListViewController.h */ = {isa = PBXFileReference; fileEncoding = 4; lastKnownFileType = sourcecode.c.h; path = BuildingListViewController.h; sourceTree = "<group>"; };
		29B63D631785BB95001AEE4B /* BuildingListViewController.m */ = {isa = PBXFileReference; fileEncoding = 4; lastKnownFileType = sourcecode.c.objc; path = BuildingListViewController.m; sourceTree = "<group>"; };
		29B63D651785C2B1001AEE4B /* FloorListViewController.h */ = {isa = PBXFileReference; fileEncoding = 4; lastKnownFileType = sourcecode.c.h; path = FloorListViewController.h; sourceTree = "<group>"; };
		29B63D661785C2B2001AEE4B /* FloorListViewController.m */ = {isa = PBXFileReference; fileEncoding = 4; lastKnownFileType = sourcecode.c.objc; path = FloorListViewController.m; sourceTree = "<group>"; };
		29B63D681785C367001AEE4B /* RoomListViewController.h */ = {isa = PBXFileReference; fileEncoding = 4; lastKnownFileType = sourcecode.c.h; path = RoomListViewController.h; sourceTree = "<group>"; };
		29B63D691785C369001AEE4B /* RoomListViewController.m */ = {isa = PBXFileReference; fileEncoding = 4; lastKnownFileType = sourcecode.c.objc; path = RoomListViewController.m; sourceTree = "<group>"; };
		29B63D6B1785C4D8001AEE4B /* SearchOccupantsViewController.h */ = {isa = PBXFileReference; fileEncoding = 4; lastKnownFileType = sourcecode.c.h; path = SearchOccupantsViewController.h; sourceTree = "<group>"; };
		29B63D6C1785C4D8001AEE4B /* SearchOccupantsViewController.m */ = {isa = PBXFileReference; fileEncoding = 4; lastKnownFileType = sourcecode.c.objc; path = SearchOccupantsViewController.m; sourceTree = "<group>"; };
		29B63D6E1785C881001AEE4B /* InfoUNINEViewController.h */ = {isa = PBXFileReference; fileEncoding = 4; lastKnownFileType = sourcecode.c.h; path = InfoUNINEViewController.h; sourceTree = "<group>"; };
		29B63D6F1785C881001AEE4B /* InfoUNINEViewController.m */ = {isa = PBXFileReference; fileEncoding = 4; lastKnownFileType = sourcecode.c.objc; path = InfoUNINEViewController.m; sourceTree = "<group>"; };
		29DAE97B178C35D50027D47C /* InitViewController.h */ = {isa = PBXFileReference; fileEncoding = 4; lastKnownFileType = sourcecode.c.h; path = InitViewController.h; sourceTree = "<group>"; };
		29DAE97C178C35D50027D47C /* InitViewController.m */ = {isa = PBXFileReference; fileEncoding = 4; lastKnownFileType = sourcecode.c.objc; path = InitViewController.m; sourceTree = "<group>"; };
		29DAE983178C3DAB0027D47C /* Downloader.h */ = {isa = PBXFileReference; fileEncoding = 4; lastKnownFileType = sourcecode.c.h; path = Downloader.h; sourceTree = "<group>"; };
		29DAE984178C3DAB0027D47C /* Downloader.m */ = {isa = PBXFileReference; fileEncoding = 4; lastKnownFileType = sourcecode.c.objc; path = Downloader.m; sourceTree = "<group>"; };
		29E13A46179808E900CD8281 /* DownloadQueue.h */ = {isa = PBXFileReference; fileEncoding = 4; lastKnownFileType = sourcecode.c.h; path = DownloadQueue.h; sourceTree = "<group>"; };
		29E13A47179808E900CD8281 /* DownloadQueue.m */ = {isa = PBXFileReference; fileEncoding = 4; lastKnownFileType = sourcecode.c.objc; path = DownloadQueue.m; sourceTree = "<group>"; };
		29EAB97F178696F50043BD86 /* ChangeFloorViewController.h */ = {isa = PBXFileReference; fileEncoding = 4; lastKnownFileType = sourcecode.c.h; path = ChangeFloorViewController.h; sourceTree = "<group>"; };
		29EAB980178696F50043BD86 /* ChangeFloorViewController.m */ = {isa = PBXFileReference; fileEncoding = 4; lastKnownFileType = sourcecode.c.objc; path = ChangeFloorViewController.m; sourceTree = "<group>"; };
		29EAB982178698280043BD86 /* LegendViewController.h */ = {isa = PBXFileReference; fileEncoding = 4; lastKnownFileType = sourcecode.c.h; path = LegendViewController.h; sourceTree = "<group>"; };
		29EAB983178698280043BD86 /* LegendViewController.m */ = {isa = PBXFileReference; fileEncoding = 4; lastKnownFileType = sourcecode.c.objc; path = LegendViewController.m; sourceTree = "<group>"; };
		29EAB9851786A2470043BD86 /* InfoLeafitViewController.h */ = {isa = PBXFileReference; fileEncoding = 4; lastKnownFileType = sourcecode.c.h; path = InfoLeafitViewController.h; sourceTree = "<group>"; };
		29EAB9861786A2470043BD86 /* InfoLeafitViewController.m */ = {isa = PBXFileReference; fileEncoding = 4; lastKnownFileType = sourcecode.c.objc; path = InfoLeafitViewController.m; sourceTree = "<group>"; };
		29EAB9881786A5490043BD86 /* 5cm_transparent_no_10101.png */ = {isa = PBXFileReference; lastKnownFileType = image.png; path = 5cm_transparent_no_10101.png; sourceTree = "<group>"; };
		29EABB991786BF250043BD86 /* BuildingStack.h */ = {isa = PBXFileReference; fileEncoding = 4; lastKnownFileType = sourcecode.c.h; path = BuildingStack.h; sourceTree = "<group>"; };
		29EABB9A1786BF250043BD86 /* BuildingStack.m */ = {isa = PBXFileReference; fileEncoding = 4; lastKnownFileType = sourcecode.c.objc; path = BuildingStack.m; sourceTree = "<group>"; };
		29EABB9D1786BF7D0043BD86 /* Building.h */ = {isa = PBXFileReference; fileEncoding = 4; lastKnownFileType = sourcecode.c.h; path = Building.h; sourceTree = "<group>"; };
		29EABB9E1786BF7D0043BD86 /* Building.m */ = {isa = PBXFileReference; fileEncoding = 4; lastKnownFileType = sourcecode.c.objc; path = Building.m; sourceTree = "<group>"; };
		29EABBA01786BF870043BD86 /* Floor.h */ = {isa = PBXFileReference; fileEncoding = 4; lastKnownFileType = sourcecode.c.h; path = Floor.h; sourceTree = "<group>"; };
		29EABBA11786BF870043BD86 /* Floor.m */ = {isa = PBXFileReference; fileEncoding = 4; lastKnownFileType = sourcecode.c.objc; path = Floor.m; sourceTree = "<group>"; };
		29EABBA41786BFAC0043BD86 /* Room.h */ = {isa = PBXFileReference; fileEncoding = 4; lastKnownFileType = sourcecode.c.h; path = Room.h; sourceTree = "<group>"; };
		29EABBA51786BFAC0043BD86 /* Room.m */ = {isa = PBXFileReference; fileEncoding = 4; lastKnownFileType = sourcecode.c.objc; path = Room.m; sourceTree = "<group>"; };
		29EABBA71786BFC10043BD86 /* Occupant.h */ = {isa = PBXFileReference; fileEncoding = 4; lastKnownFileType = sourcecode.c.h; path = Occupant.h; sourceTree = "<group>"; };
		29EABBA81786BFC10043BD86 /* Occupant.m */ = {isa = PBXFileReference; fileEncoding = 4; lastKnownFileType = sourcecode.c.objc; path = Occupant.m; sourceTree = "<group>"; };
		29EABBAA1786BFD10043BD86 /* Legend.h */ = {isa = PBXFileReference; fileEncoding = 4; lastKnownFileType = sourcecode.c.h; path = Legend.h; sourceTree = "<group>"; };
		29EABBAB1786BFD10043BD86 /* Legend.m */ = {isa = PBXFileReference; fileEncoding = 4; lastKnownFileType = sourcecode.c.objc; path = Legend.m; sourceTree = "<group>"; };
		29EABBAD1786BFDC0043BD86 /* LegendEntry.h */ = {isa = PBXFileReference; fileEncoding = 4; lastKnownFileType = sourcecode.c.h; path = LegendEntry.h; sourceTree = "<group>"; };
		29EABBAE1786BFDC0043BD86 /* LegendEntry.m */ = {isa = PBXFileReference; fileEncoding = 4; lastKnownFileType = sourcecode.c.objc; path = LegendEntry.m; sourceTree = "<group>"; };
/* End PBXFileReference section */

/* Begin PBXFrameworksBuildPhase section */
		2930D4331785A3E500A4DCD2 /* Frameworks */ = {
			isa = PBXFrameworksBuildPhase;
			buildActionMask = 2147483647;
			files = (
				2930D43A1785A3E500A4DCD2 /* UIKit.framework in Frameworks */,
				2930D43C1785A3E500A4DCD2 /* Foundation.framework in Frameworks */,
				2930D43E1785A3E500A4DCD2 /* CoreGraphics.framework in Frameworks */,
			);
			runOnlyForDeploymentPostprocessing = 0;
		};
/* End PBXFrameworksBuildPhase section */

/* Begin PBXGroup section */
		2930D42D1785A3E500A4DCD2 = {
			isa = PBXGroup;
			children = (
				2930D43F1785A3E500A4DCD2 /* BiluneGeoMobile */,
				2930D4381785A3E500A4DCD2 /* Frameworks */,
				2930D4371785A3E500A4DCD2 /* Products */,
			);
			sourceTree = "<group>";
		};
		2930D4371785A3E500A4DCD2 /* Products */ = {
			isa = PBXGroup;
			children = (
				2930D4361785A3E500A4DCD2 /* BiluneGeoMobile.app */,
			);
			name = Products;
			sourceTree = "<group>";
		};
		2930D4381785A3E500A4DCD2 /* Frameworks */ = {
			isa = PBXGroup;
			children = (
				2930D4391785A3E500A4DCD2 /* UIKit.framework */,
				2930D43B1785A3E500A4DCD2 /* Foundation.framework */,
				2930D43D1785A3E500A4DCD2 /* CoreGraphics.framework */,
			);
			name = Frameworks;
			sourceTree = "<group>";
		};
		2930D43F1785A3E500A4DCD2 /* BiluneGeoMobile */ = {
			isa = PBXGroup;
			children = (
				29B63D571785ABDF001AEE4B /* core */,
				29B63D561785ABC0001AEE4B /* resources */,
				29B63D541785AB90001AEE4B /* views */,
				29B63D531785AB86001AEE4B /* config */,
				2930D4481785A3E500A4DCD2 /* AppDelegate.h */,
				2930D4491785A3E500A4DCD2 /* AppDelegate.m */,
				2930D4451785A3E500A4DCD2 /* main.m */,
			);
			path = BiluneGeoMobile;
			sourceTree = "<group>";
		};
		29B63D531785AB86001AEE4B /* config */ = {
			isa = PBXGroup;
			children = (
				2930D4471785A3E500A4DCD2 /* BiluneGeoMobile-Prefix.pch */,
				2930D4411785A3E500A4DCD2 /* BiluneGeoMobile-Info.plist */,
				2930D4421785A3E500A4DCD2 /* InfoPlist.strings */,
				298B8BB91790271900FD1EF3 /* Constants.h */,
				298B8BBA1790271900FD1EF3 /* Constants.m */,
			);
			name = config;
			sourceTree = "<group>";
		};
		29B63D541785AB90001AEE4B /* views */ = {
			isa = PBXGroup;
			children = (
				29B63D581785AC12001AEE4B /* controllers */,
				2930D4511785A3E500A4DCD2 /* BiluneGeoMobile.storyboard */,
				29B63D551785AB9D001AEE4B /* shared */,
			);
			name = views;
			sourceTree = "<group>";
		};
		29B63D551785AB9D001AEE4B /* shared */ = {
			isa = PBXGroup;
			children = (
			);
			name = shared;
			sourceTree = "<group>";
		};
		29B63D561785ABC0001AEE4B /* resources */ = {
			isa = PBXGroup;
			children = (
				29B63D591785AC48001AEE4B /* images */,
			);
			name = resources;
			sourceTree = "<group>";
		};
		29B63D571785ABDF001AEE4B /* core */ = {
			isa = PBXGroup;
			children = (
				29DAE97E178C3CB50027D47C /* helpers */,
				29EABB971786BE770043BD86 /* models */,
			);
			name = core;
			sourceTree = "<group>";
		};
		29B63D581785AC12001AEE4B /* controllers */ = {
			isa = PBXGroup;
			children = (
				2930D4541785A3E500A4DCD2 /* MainMenuViewController.h */,
				2930D4551785A3E500A4DCD2 /* MainMenuViewController.m */,
				29B63D5C1785B6EB001AEE4B /* MapViewController.h */,
				29B63D5D1785B6EC001AEE4B /* MapViewController.m */,
				29B63D621785BB95001AEE4B /* BuildingListViewController.h */,
				29B63D631785BB95001AEE4B /* BuildingListViewController.m */,
				29B63D651785C2B1001AEE4B /* FloorListViewController.h */,
				29B63D661785C2B2001AEE4B /* FloorListViewController.m */,
				29B63D681785C367001AEE4B /* RoomListViewController.h */,
				29B63D691785C369001AEE4B /* RoomListViewController.m */,
				29B63D6B1785C4D8001AEE4B /* SearchOccupantsViewController.h */,
				29B63D6C1785C4D8001AEE4B /* SearchOccupantsViewController.m */,
				29B63D6E1785C881001AEE4B /* InfoUNINEViewController.h */,
				29B63D6F1785C881001AEE4B /* InfoUNINEViewController.m */,
				29EAB97F178696F50043BD86 /* ChangeFloorViewController.h */,
				29EAB980178696F50043BD86 /* ChangeFloorViewController.m */,
				29EAB982178698280043BD86 /* LegendViewController.h */,
				29EAB983178698280043BD86 /* LegendViewController.m */,
				29EAB9851786A2470043BD86 /* InfoLeafitViewController.h */,
				29EAB9861786A2470043BD86 /* InfoLeafitViewController.m */,
				29DAE97B178C35D50027D47C /* InitViewController.h */,
				29DAE97C178C35D50027D47C /* InitViewController.m */,
			);
			name = controllers;
			sourceTree = "<group>";
		};
		29B63D591785AC48001AEE4B /* images */ = {
			isa = PBXGroup;
			children = (
				299C7FA5178ED9D10038FADC /* loader2.tiff */,
				299C7F8F178ED9B40038FADC /* loader1.tiff */,
				299C7F90178ED9B40038FADC /* loader12.tiff */,
				299C7F91178ED9B40038FADC /* loader11.tiff */,
				299C7F92178ED9B40038FADC /* loader10.tiff */,
				299C7F93178ED9B40038FADC /* loader9.tiff */,
				299C7F94178ED9B40038FADC /* loader8.tiff */,
				299C7F95178ED9B40038FADC /* loader7.tiff */,
				299C7F96178ED9B40038FADC /* loader6.tiff */,
				299C7F97178ED9B40038FADC /* loader5.tiff */,
				299C7F98178ED9B40038FADC /* loader4.tiff */,
				299C7F99178ED9B40038FADC /* loader3.tiff */,
				29EAB9881786A5490043BD86 /* 5cm_transparent_no_10101.png */,
				29B63D611785B9D9001AEE4B /* northArrow.png */,
				29B63D601785B8D8001AEE4B /* info.png */,
				29B63D5F1785B8C1001AEE4B /* gps32.png */,
				29B63D5B1785B2CA001AEE4B /* bilune_page_background01.jpg */,
				29B63D5A1785B2B9001AEE4B /* logo_unine_bleu.png */,
				2930D44B1785A3E500A4DCD2 /* Default.png */,
				2930D44D1785A3E500A4DCD2 /* Default@2x.png */,
				2930D44F1785A3E500A4DCD2 /* Default-568h@2x.png */,
			);
			name = images;
			sourceTree = "<group>";
		};
		29DAE97E178C3CB50027D47C /* helpers */ = {
			isa = PBXGroup;
			children = (
				29DAE982178C3D920027D47C /* downloader */,
			);
			name = helpers;
			sourceTree = "<group>";
		};
		29DAE982178C3D920027D47C /* downloader */ = {
			isa = PBXGroup;
			children = (
				29DAE983178C3DAB0027D47C /* Downloader.h */,
				29DAE984178C3DAB0027D47C /* Downloader.m */,
				298D1D9B178D80E600FFF5B1 /* DownloaderDelegate.h */,
				29E13A46179808E900CD8281 /* DownloadQueue.h */,
				29E13A47179808E900CD8281 /* DownloadQueue.m */,
			);
			name = downloader;
			sourceTree = "<group>";
		};
		29EABB971786BE770043BD86 /* models */ = {
			isa = PBXGroup;
			children = (
				29EABB9C1786BF4F0043BD86 /* legend */,
				29EABB981786BE880043BD86 /* layermanager */,
				29EABBA71786BFC10043BD86 /* Occupant.h */,
				29EABBA81786BFC10043BD86 /* Occupant.m */,
			);
			name = models;
			sourceTree = "<group>";
		};
		29EABB981786BE880043BD86 /* layermanager */ = {
			isa = PBXGroup;
			children = (
				29EABB991786BF250043BD86 /* BuildingStack.h */,
				29EABB9A1786BF250043BD86 /* BuildingStack.m */,
				29EABB9D1786BF7D0043BD86 /* Building.h */,
				29EABB9E1786BF7D0043BD86 /* Building.m */,
				29EABBA01786BF870043BD86 /* Floor.h */,
				29EABBA11786BF870043BD86 /* Floor.m */,
				29EABBA41786BFAC0043BD86 /* Room.h */,
				29EABBA51786BFAC0043BD86 /* Room.m */,
			);
			name = layermanager;
			sourceTree = "<group>";
		};
		29EABB9C1786BF4F0043BD86 /* legend */ = {
			isa = PBXGroup;
			children = (
				29EABBAA1786BFD10043BD86 /* Legend.h */,
				29EABBAB1786BFD10043BD86 /* Legend.m */,
				29EABBAD1786BFDC0043BD86 /* LegendEntry.h */,
				29EABBAE1786BFDC0043BD86 /* LegendEntry.m */,
			);
			name = legend;
			sourceTree = "<group>";
		};
/* End PBXGroup section */

/* Begin PBXNativeTarget section */
		2930D4351785A3E500A4DCD2 /* BiluneGeoMobile */ = {
			isa = PBXNativeTarget;
			buildConfigurationList = 2930D4591785A3E500A4DCD2 /* Build configuration list for PBXNativeTarget "BiluneGeoMobile" */;
			buildPhases = (
				2930D4321785A3E500A4DCD2 /* Sources */,
				2930D4331785A3E500A4DCD2 /* Frameworks */,
				2930D4341785A3E500A4DCD2 /* Resources */,
			);
			buildRules = (
			);
			dependencies = (
			);
			name = BiluneGeoMobile;
			productName = BiluneGeoMobile;
			productReference = 2930D4361785A3E500A4DCD2 /* BiluneGeoMobile.app */;
			productType = "com.apple.product-type.application";
		};
/* End PBXNativeTarget section */

/* Begin PBXProject section */
		2930D42E1785A3E500A4DCD2 /* Project object */ = {
			isa = PBXProject;
			attributes = {
				LastUpgradeCheck = 0460;
				ORGANIZATIONNAME = leafit;
			};
			buildConfigurationList = 2930D4311785A3E500A4DCD2 /* Build configuration list for PBXProject "BiluneGeoMobile" */;
			compatibilityVersion = "Xcode 3.2";
			developmentRegion = English;
			hasScannedForEncodings = 0;
			knownRegions = (
				en,
			);
			mainGroup = 2930D42D1785A3E500A4DCD2;
			productRefGroup = 2930D4371785A3E500A4DCD2 /* Products */;
			projectDirPath = "";
			projectRoot = "";
			targets = (
				2930D4351785A3E500A4DCD2 /* BiluneGeoMobile */,
			);
		};
/* End PBXProject section */

/* Begin PBXResourcesBuildPhase section */
		2930D4341785A3E500A4DCD2 /* Resources */ = {
			isa = PBXResourcesBuildPhase;
			buildActionMask = 2147483647;
			files = (
				29EABB901786A8880043BD86 /* northArrow.png in Resources */,
				29EABB911786A8880043BD86 /* info.png in Resources */,
				29EABB921786A8880043BD86 /* gps32.png in Resources */,
				29EABB931786A8880043BD86 /* bilune_page_background01.jpg in Resources */,
				29EABB941786A8880043BD86 /* logo_unine_bleu.png in Resources */,
				2930D4441785A3E500A4DCD2 /* InfoPlist.strings in Resources */,
				2930D44C1785A3E500A4DCD2 /* Default.png in Resources */,
				2930D44E1785A3E500A4DCD2 /* Default@2x.png in Resources */,
				2930D4501785A3E500A4DCD2 /* Default-568h@2x.png in Resources */,
				2930D4531785A3E500A4DCD2 /* BiluneGeoMobile.storyboard in Resources */,
				29EAB9891786A5490043BD86 /* 5cm_transparent_no_10101.png in Resources */,
				299C7F9A178ED9B40038FADC /* loader1.tiff in Resources */,
				299C7F9B178ED9B40038FADC /* loader12.tiff in Resources */,
				299C7F9C178ED9B40038FADC /* loader11.tiff in Resources */,
				299C7F9D178ED9B40038FADC /* loader10.tiff in Resources */,
				299C7F9E178ED9B40038FADC /* loader9.tiff in Resources */,
				299C7F9F178ED9B40038FADC /* loader8.tiff in Resources */,
				299C7FA0178ED9B40038FADC /* loader7.tiff in Resources */,
				299C7FA1178ED9B40038FADC /* loader6.tiff in Resources */,
				299C7FA2178ED9B40038FADC /* loader5.tiff in Resources */,
				299C7FA3178ED9B40038FADC /* loader4.tiff in Resources */,
				299C7FA4178ED9B40038FADC /* loader3.tiff in Resources */,
				299C7FA6178ED9D10038FADC /* loader2.tiff in Resources */,
			);
			runOnlyForDeploymentPostprocessing = 0;
		};
/* End PBXResourcesBuildPhase section */

/* Begin PBXSourcesBuildPhase section */
		2930D4321785A3E500A4DCD2 /* Sources */ = {
			isa = PBXSourcesBuildPhase;
			buildActionMask = 2147483647;
			files = (
				2930D4461785A3E500A4DCD2 /* main.m in Sources */,
				2930D44A1785A3E500A4DCD2 /* AppDelegate.m in Sources */,
				2930D4561785A3E500A4DCD2 /* MainMenuViewController.m in Sources */,
				29B63D5E1785B6EC001AEE4B /* MapViewController.m in Sources */,
				29B63D641785BB97001AEE4B /* BuildingListViewController.m in Sources */,
				29B63D671785C2B2001AEE4B /* FloorListViewController.m in Sources */,
				29B63D6A1785C36A001AEE4B /* RoomListViewController.m in Sources */,
				29B63D6D1785C4D8001AEE4B /* SearchOccupantsViewController.m in Sources */,
				29B63D701785C881001AEE4B /* InfoUNINEViewController.m in Sources */,
				29EAB981178696F50043BD86 /* ChangeFloorViewController.m in Sources */,
				29EAB984178698280043BD86 /* LegendViewController.m in Sources */,
				29EAB9871786A2470043BD86 /* InfoLeafitViewController.m in Sources */,
				29EABB9B1786BF250043BD86 /* BuildingStack.m in Sources */,
				29EABB9F1786BF7D0043BD86 /* Building.m in Sources */,
				29EABBA21786BF870043BD86 /* Floor.m in Sources */,
				29EABBA61786BFAD0043BD86 /* Room.m in Sources */,
				29EABBA91786BFC10043BD86 /* Occupant.m in Sources */,
				29EABBAC1786BFD10043BD86 /* Legend.m in Sources */,
				29EABBAF1786BFDC0043BD86 /* LegendEntry.m in Sources */,
				29DAE97D178C35D50027D47C /* InitViewController.m in Sources */,
				29DAE985178C3DAB0027D47C /* Downloader.m in Sources */,
				298B8BBB1790271900FD1EF3 /* Constants.m in Sources */,
				29E13A48179808E900CD8281 /* DownloadQueue.m in Sources */,
			);
			runOnlyForDeploymentPostprocessing = 0;
		};
/* End PBXSourcesBuildPhase section */

/* Begin PBXVariantGroup section */
		2930D4421785A3E500A4DCD2 /* InfoPlist.strings */ = {
			isa = PBXVariantGroup;
			children = (
				2930D4431785A3E500A4DCD2 /* en */,
			);
			name = InfoPlist.strings;
			sourceTree = "<group>";
		};
		2930D4511785A3E500A4DCD2 /* BiluneGeoMobile.storyboard */ = {
			isa = PBXVariantGroup;
			children = (
				2930D4521785A3E500A4DCD2 /* en */,
			);
			name = BiluneGeoMobile.storyboard;
			sourceTree = "<group>";
		};
/* End PBXVariantGroup section */

/* Begin XCBuildConfiguration section */
		2930D4571785A3E500A4DCD2 /* Debug */ = {
			isa = XCBuildConfiguration;
			buildSettings = {
				ALWAYS_SEARCH_USER_PATHS = NO;
				CLANG_CXX_LANGUAGE_STANDARD = "gnu++0x";
				CLANG_CXX_LIBRARY = "libc++";
				CLANG_ENABLE_OBJC_ARC = YES;
				CLANG_WARN_CONSTANT_CONVERSION = YES;
				CLANG_WARN_EMPTY_BODY = YES;
				CLANG_WARN_ENUM_CONVERSION = YES;
				CLANG_WARN_INT_CONVERSION = YES;
				CLANG_WARN__DUPLICATE_METHOD_MATCH = YES;
				"CODE_SIGN_IDENTITY[sdk=iphoneos*]" = "iPhone Developer";
				COPY_PHASE_STRIP = NO;
				GCC_C_LANGUAGE_STANDARD = gnu99;
				GCC_DYNAMIC_NO_PIC = NO;
				GCC_OPTIMIZATION_LEVEL = 0;
				GCC_PREPROCESSOR_DEFINITIONS = (
					"DEBUG=1",
					"$(inherited)",
				);
				GCC_SYMBOLS_PRIVATE_EXTERN = NO;
				GCC_WARN_ABOUT_RETURN_TYPE = YES;
				GCC_WARN_UNINITIALIZED_AUTOS = YES;
				GCC_WARN_UNUSED_VARIABLE = YES;
				IPHONEOS_DEPLOYMENT_TARGET = 6.1;
				ONLY_ACTIVE_ARCH = YES;
				SDKROOT = iphoneos;
			};
			name = Debug;
		};
		2930D4581785A3E500A4DCD2 /* Release */ = {
			isa = XCBuildConfiguration;
			buildSettings = {
				ALWAYS_SEARCH_USER_PATHS = NO;
				CLANG_CXX_LANGUAGE_STANDARD = "gnu++0x";
				CLANG_CXX_LIBRARY = "libc++";
				CLANG_ENABLE_OBJC_ARC = YES;
				CLANG_WARN_CONSTANT_CONVERSION = YES;
				CLANG_WARN_EMPTY_BODY = YES;
				CLANG_WARN_ENUM_CONVERSION = YES;
				CLANG_WARN_INT_CONVERSION = YES;
				CLANG_WARN__DUPLICATE_METHOD_MATCH = YES;
				"CODE_SIGN_IDENTITY[sdk=iphoneos*]" = "iPhone Developer";
				COPY_PHASE_STRIP = YES;
				GCC_C_LANGUAGE_STANDARD = gnu99;
				GCC_WARN_ABOUT_RETURN_TYPE = YES;
				GCC_WARN_UNINITIALIZED_AUTOS = YES;
				GCC_WARN_UNUSED_VARIABLE = YES;
				IPHONEOS_DEPLOYMENT_TARGET = 6.1;
				OTHER_CFLAGS = "-DNS_BLOCK_ASSERTIONS=1";
				SDKROOT = iphoneos;
				VALIDATE_PRODUCT = YES;
			};
			name = Release;
		};
		2930D45A1785A3E500A4DCD2 /* Debug */ = {
			isa = XCBuildConfiguration;
			buildSettings = {
				GCC_PRECOMPILE_PREFIX_HEADER = YES;
				GCC_PREFIX_HEADER = "BiluneGeoMobile/BiluneGeoMobile-Prefix.pch";
				INFOPLIST_FILE = "BiluneGeoMobile/BiluneGeoMobile-Info.plist";
				PRODUCT_NAME = "$(TARGET_NAME)";
				WRAPPER_EXTENSION = app;
			};
			name = Debug;
		};
		2930D45B1785A3E500A4DCD2 /* Release */ = {
			isa = XCBuildConfiguration;
			buildSettings = {
				GCC_PRECOMPILE_PREFIX_HEADER = YES;
				GCC_PREFIX_HEADER = "BiluneGeoMobile/BiluneGeoMobile-Prefix.pch";
				INFOPLIST_FILE = "BiluneGeoMobile/BiluneGeoMobile-Info.plist";
				PRODUCT_NAME = "$(TARGET_NAME)";
				WRAPPER_EXTENSION = app;
			};
			name = Release;
		};
/* End XCBuildConfiguration section */

/* Begin XCConfigurationList section */
		2930D4311785A3E500A4DCD2 /* Build configuration list for PBXProject "BiluneGeoMobile" */ = {
			isa = XCConfigurationList;
			buildConfigurations = (
				2930D4571785A3E500A4DCD2 /* Debug */,
				2930D4581785A3E500A4DCD2 /* Release */,
			);
			defaultConfigurationIsVisible = 0;
			defaultConfigurationName = Release;
		};
		2930D4591785A3E500A4DCD2 /* Build configuration list for PBXNativeTarget "BiluneGeoMobile" */ = {
			isa = XCConfigurationList;
			buildConfigurations = (
				2930D45A1785A3E500A4DCD2 /* Debug */,
				2930D45B1785A3E500A4DCD2 /* Release */,
			);
			defaultConfigurationIsVisible = 0;
			defaultConfigurationName = Release;
		};
/* End XCConfigurationList section */
	};
	rootObject = 2930D42E1785A3E500A4DCD2 /* Project object */;
}
